{
  "version": 1,
  "dependencies": {
    "net10.0": {
      "AspNetSaml": {
        "type": "Direct",
        "requested": "[2.*, )",
        "resolved": "2.1.9",
        "contentHash": "b8888Mo/mbQjZn/f690qM/D1JeWH5SJM4itonD4CvzcJBnQswsIFCHyti35kK5oym8CccUWc5QXPsZ+1wR/wbA=="
      },
      "Newtonsoft.Json": {
        "type": "Transitive",
        "resolved": "13.0.4",
        "contentHash": "pdgNNMai3zv51W5aq268sujXUyx7SNdE2bj1wZcWjAQrKMFZV260lbqYop1d2GM67JI1huLRwxo9ZqnfF/lC6A=="
      },
      "ndjango.admin.aspnetcore": {
        "type": "Project",
        "dependencies": {
          "NDjango.Admin.Core": "[1.0.0, )"
        }
      },
      "ndjango.admin.core": {
        "type": "Project",
        "dependencies": {
          "Newtonsoft.Json": "[13.*, )"
        }
      }
    },
    "net8.0": {
      "AspNetSaml": {
        "type": "Direct",
        "requested": "[2.*, )",
        "resolved": "2.1.9",
        "contentHash": "b8888Mo/mbQjZn/f690qM/D1JeWH5SJM4itonD4CvzcJBnQswsIFCHyti35kK5oym8CccUWc5QXPsZ+1wR/wbA==",
        "dependencies": {
          "System.Security.Cryptography.Xml": "10.0.10"
        }
      },
      "Microsoft.Bcl.Cryptography": {
        "type": "Transitive",
        "resolved": "10.0.10",
        "contentHash": "Qdx/MB+kxJoPIWZ0PpKpGSj8C02oaGXgue59HixUX/vinLsBIDYTX3RNW8mj9fBCeCmCp5+28KojlvI1N9hQPw==",
        "dependencies": {
          "System.Formats.Asn1": "10.0.10"
        }
      },
      "Newtonsoft.Json": {
        "type": "Transitive",
        "resolved": "13.0.4",
        "contentHash": "pdgNNMai3zv51W5aq268sujXUyx7SNdE2bj1wZcWjAQrKMFZV260lbqYop1d2GM67JI1huLRwxo9ZqnfF/lC6A=="
      },
      "System.Formats.Asn1": {
        "type": "Transitive",
        "resolved": "10.0.10",
        "contentHash": "Lt7KTFei7vmp/+JtTCLB3D3MNDFIfyFl9zETGtKFuoeaThNeHCyE7sJTZ10wfwHbd2z0rW72fjIpNXPkxEObaA=="
      },
      "System.Security.Cryptography.Pkcs": {
        "type": "Transitive",
        "resolved": "10.0.10",
        "contentHash": "KG8t5RHczdgB3IWvRndpI0nE1DSo7ikDYSDbITxfgRFyIvnYiKzuPjaZOsPnwFQ1aOGUl9sEulJul9wlHLEUoA==",
        "dependencies": {
          "Microsoft.Bcl.Cryptography": "10.0.10",
          "System.Formats.Asn1": "10.0.10"
        }
      },
      "System.Security.Cryptography.Xml": {
        "type": "Transitive",
        "resolved": "10.0.10",
        "contentHash": "Mz6Y+s+uMQKj1H2BUF0OhlmaOQkLgSG34/IrUaBDirYBQ6bgwcFvO/XtXWcoDlBLFoFB0uKqDNhybHOd+fQK1A==",
        "dependencies": {
          "Microsoft.Bcl.Cryptography": "10.0.10",
          "System.Security.Cryptography.Pkcs": "10.0.10"
        }
      },
      "ndjango.admin.aspnetcore": {
        "type": "Project",
        "dependencies": {
          "NDjango.Admin.Core": "[1.0.0, )"
        }
      },
      "ndjango.admin.core": {
        "type": "Project",
        "dependencies": {
          "Newtonsoft.Json": "[13.*, )"
        }
      }
    },
    "net9.0": {
      "AspNetSaml": {
        "type": "Direct",
        "requested": "[2.*, )",
        "resolved": "2.1.9",
        "contentHash": "b8888Mo/mbQjZn/f690qM/D1JeWH5SJM4itonD4CvzcJBnQswsIFCHyti35kK5oym8CccUWc5QXPsZ+1wR/wbA==",
        "dependencies": {
          "System.Security.Cryptography.Xml": "10.0.10"
        }
      },
      "Microsoft.Bcl.Cryptography": {
        "type": "Transitive",
        "resolved": "10.0.10",
        "contentHash": "Qdx/MB+kxJoPIWZ0PpKpGSj8C02oaGXgue59HixUX/vinLsBIDYTX3RNW8mj9fBCeCmCp5+28KojlvI1N9hQPw=="
      },
      "Newtonsoft.Json": {
        "type": "Transitive",
        "resolved": "13.0.4",
        "contentHash": "pdgNNMai3zv51W5aq268sujXUyx7SNdE2bj1wZcWjAQrKMFZV260lbqYop1d2GM67JI1huLRwxo9ZqnfF/lC6A=="
      },
      "System.Formats.Asn1": {
        "type": "Transitive",
        "resolved": "10.0.10",
        "contentHash": "Lt7KTFei7vmp/+JtTCLB3D3MNDFIfyFl9zETGtKFuoeaThNeHCyE7sJTZ10wfwHbd2z0rW72fjIpNXPkxEObaA=="
      },
      "System.Security.Cryptography.Pkcs": {
        "type": "Transitive",
        "resolved": "10.0.10",
        "contentHash": "KG8t5RHczdgB3IWvRndpI0nE1DSo7ikDYSDbITxfgRFyIvnYiKzuPjaZOsPnwFQ1aOGUl9sEulJul9wlHLEUoA==",
        "dependencies": {
          "Microsoft.Bcl.Cryptography": "10.0.10",
          "System.Formats.Asn1": "10.0.10"
        }
      },
      "System.Security.Cryptography.Xml": {
        "type": "Transitive",
        "resolved": "10.0.10",
        "contentHash": "Mz6Y+s+uMQKj1H2BUF0OhlmaOQkLgSG34/IrUaBDirYBQ6bgwcFvO/XtXWcoDlBLFoFB0uKqDNhybHOd+fQK1A==",
        "dependencies": {
          "System.Security.Cryptography.Pkcs": "10.0.10"
        }
      },
      "ndjango.admin.aspnetcore": {
        "type": "Project",
        "dependencies": {
          "NDjango.Admin.Core": "[1.0.0, )"
        }
      },
      "ndjango.admin.core": {
        "type": "Project",
        "dependencies": {
          "Newtonsoft.Json": "[13.*, )"
        }
      }
    }
  }
}