{
  "version": 1,
  "dependencies": {
    "net10.0": {
      "MongoDB.Driver": {
        "type": "Direct",
        "requested": "[2.19.0, 3.0.0)",
        "resolved": "2.19.0",
        "contentHash": "W/1YByn5gNGfHBe8AyDURXWKn1Z9xJ9IUjplFcvk8B/jlTlDOkmXgmwjlToIdqr0l8rX594kksjGx3a9if3dsg==",
        "dependencies": {
          "MongoDB.Bson": "2.19.0",
          "MongoDB.Driver.Core": "2.19.0",
          "MongoDB.Libmongocrypt": "1.7.0"
        }
      },
      "AspNetSaml": {
        "type": "Transitive",
        "resolved": "2.1.9",
        "contentHash": "b8888Mo/mbQjZn/f690qM/D1JeWH5SJM4itonD4CvzcJBnQswsIFCHyti35kK5oym8CccUWc5QXPsZ+1wR/wbA=="
      },
      "AWSSDK.Core": {
        "type": "Transitive",
        "resolved": "3.7.100.14",
        "contentHash": "gnEgxBlk4PFEfdPE8Lkf4+D16MZFYSaW7/o6Wwe5e035QWUkTJX0Dn4LfTCdV5QSEL/fOFxu+yCAm55eIIBgog=="
      },
      "AWSSDK.SecurityToken": {
        "type": "Transitive",
        "resolved": "3.7.100.14",
        "contentHash": "dGCVuVo0CFUKWW85W8YENO+aREf8sCBDjvGbnNvxJuNW4Ss+brEU9ltHhq2KfZze2VUNK1/wygbPG1bmbpyXEw==",
        "dependencies": {
          "AWSSDK.Core": "[3.7.100.14, 4.0.0)"
        }
      },
      "DnsClient": {
        "type": "Transitive",
        "resolved": "1.6.1",
        "contentHash": "4H/f2uYJOZ+YObZjpY9ABrKZI+JNw3uizp6oMzTXwDw6F+2qIPhpRl/1t68O/6e98+vqNiYGu+lswmwdYUy3gg=="
      },
      "MongoDB.Bson": {
        "type": "Transitive",
        "resolved": "2.19.0",
        "contentHash": "pGp9F2PWU3Dj54PiXKibuaQ5rphWkfp8/Nsy5jLp2dWZGRGlr3r/Lfwnr0PvfihFfxieUcJZ2z3VeO8RctXcvA=="
      },
      "MongoDB.Driver.Core": {
        "type": "Transitive",
        "resolved": "2.19.0",
        "contentHash": "KbzJJJc4EsUZ+YQoe7zZL1OxHVC9RjgQMso2LjhZWnlP+IHSON63vKNt7jGarXrOVXK0DqIUrRwQyXMgmqTX5g==",
        "dependencies": {
          "AWSSDK.SecurityToken": "3.7.100.14",
          "DnsClient": "1.6.1",
          "MongoDB.Bson": "2.19.0",
          "MongoDB.Libmongocrypt": "1.7.0",
          "SharpCompress": "0.30.1",
          "Snappier": "1.0.0",
          "ZstdSharp.Port": "0.6.2"
        }
      },
      "MongoDB.Libmongocrypt": {
        "type": "Transitive",
        "resolved": "1.7.0",
        "contentHash": "p9+peTZX63nGHskOLhvhfBtrknxNg1RzXepE07rPozuCGz27bMjCcQyvn2YByg0L3YEcNWdTmI4BlnG/5RF+5Q=="
      },
      "Newtonsoft.Json": {
        "type": "Transitive",
        "resolved": "13.0.4",
        "contentHash": "pdgNNMai3zv51W5aq268sujXUyx7SNdE2bj1wZcWjAQrKMFZV260lbqYop1d2GM67JI1huLRwxo9ZqnfF/lC6A=="
      },
      "SharpCompress": {
        "type": "Transitive",
        "resolved": "0.30.1",
        "contentHash": "XqD4TpfyYGa7QTPzaGlMVbcecKnXy4YmYLDWrU+JIj7IuRNl7DH2END+Ll7ekWIY8o3dAMWLFDE1xdhfIWD1nw=="
      },
      "Snappier": {
        "type": "Transitive",
        "resolved": "1.0.0",
        "contentHash": "rFtK2KEI9hIe8gtx3a0YDXdHOpedIf9wYCEYtBEmtlyiWVX3XlCNV03JrmmAi/Cdfn7dxK+k0sjjcLv4fpHnqA=="
      },
      "ZstdSharp.Port": {
        "type": "Transitive",
        "resolved": "0.6.2",
        "contentHash": "jPao/LdUNLUz8rn3H1D8W7wQbZsRZM0iayvWI4xGejJg3XJHT56gcmYdgmCGPdJF1UEBqUjucCRrFB+4HbJsbw=="
      },
      "ndjango.admin.aspnetcore": {
        "type": "Project",
        "dependencies": {
          "NDjango.Admin.Core": "[1.0.0, )"
        }
      },
      "ndjango.admin.aspnetcore.admindashboard.core": {
        "type": "Project",
        "dependencies": {
          "AspNetSaml": "[2.*, )",
          "NDjango.Admin.AspNetCore": "[1.0.0, )",
          "NDjango.Admin.Core": "[1.0.0, )"
        }
      },
      "ndjango.admin.core": {
        "type": "Project",
        "dependencies": {
          "Newtonsoft.Json": "[13.*, )"
        }
      }
    },
    "net8.0": {
      "MongoDB.Driver": {
        "type": "Direct",
        "requested": "[2.19.0, 3.0.0)",
        "resolved": "2.19.0",
        "contentHash": "W/1YByn5gNGfHBe8AyDURXWKn1Z9xJ9IUjplFcvk8B/jlTlDOkmXgmwjlToIdqr0l8rX594kksjGx3a9if3dsg==",
        "dependencies": {
          "MongoDB.Bson": "2.19.0",
          "MongoDB.Driver.Core": "2.19.0",
          "MongoDB.Libmongocrypt": "1.7.0"
        }
      },
      "AspNetSaml": {
        "type": "Transitive",
        "resolved": "2.1.9",
        "contentHash": "b8888Mo/mbQjZn/f690qM/D1JeWH5SJM4itonD4CvzcJBnQswsIFCHyti35kK5oym8CccUWc5QXPsZ+1wR/wbA==",
        "dependencies": {
          "System.Security.Cryptography.Xml": "10.0.10"
        }
      },
      "AWSSDK.Core": {
        "type": "Transitive",
        "resolved": "3.7.100.14",
        "contentHash": "gnEgxBlk4PFEfdPE8Lkf4+D16MZFYSaW7/o6Wwe5e035QWUkTJX0Dn4LfTCdV5QSEL/fOFxu+yCAm55eIIBgog=="
      },
      "AWSSDK.SecurityToken": {
        "type": "Transitive",
        "resolved": "3.7.100.14",
        "contentHash": "dGCVuVo0CFUKWW85W8YENO+aREf8sCBDjvGbnNvxJuNW4Ss+brEU9ltHhq2KfZze2VUNK1/wygbPG1bmbpyXEw==",
        "dependencies": {
          "AWSSDK.Core": "[3.7.100.14, 4.0.0)"
        }
      },
      "DnsClient": {
        "type": "Transitive",
        "resolved": "1.6.1",
        "contentHash": "4H/f2uYJOZ+YObZjpY9ABrKZI+JNw3uizp6oMzTXwDw6F+2qIPhpRl/1t68O/6e98+vqNiYGu+lswmwdYUy3gg=="
      },
      "Microsoft.Bcl.Cryptography": {
        "type": "Transitive",
        "resolved": "10.0.10",
        "contentHash": "Qdx/MB+kxJoPIWZ0PpKpGSj8C02oaGXgue59HixUX/vinLsBIDYTX3RNW8mj9fBCeCmCp5+28KojlvI1N9hQPw==",
        "dependencies": {
          "System.Formats.Asn1": "10.0.10"
        }
      },
      "MongoDB.Bson": {
        "type": "Transitive",
        "resolved": "2.19.0",
        "contentHash": "pGp9F2PWU3Dj54PiXKibuaQ5rphWkfp8/Nsy5jLp2dWZGRGlr3r/Lfwnr0PvfihFfxieUcJZ2z3VeO8RctXcvA=="
      },
      "MongoDB.Driver.Core": {
        "type": "Transitive",
        "resolved": "2.19.0",
        "contentHash": "KbzJJJc4EsUZ+YQoe7zZL1OxHVC9RjgQMso2LjhZWnlP+IHSON63vKNt7jGarXrOVXK0DqIUrRwQyXMgmqTX5g==",
        "dependencies": {
          "AWSSDK.SecurityToken": "3.7.100.14",
          "DnsClient": "1.6.1",
          "MongoDB.Bson": "2.19.0",
          "MongoDB.Libmongocrypt": "1.7.0",
          "SharpCompress": "0.30.1",
          "Snappier": "1.0.0",
          "ZstdSharp.Port": "0.6.2"
        }
      },
      "MongoDB.Libmongocrypt": {
        "type": "Transitive",
        "resolved": "1.7.0",
        "contentHash": "p9+peTZX63nGHskOLhvhfBtrknxNg1RzXepE07rPozuCGz27bMjCcQyvn2YByg0L3YEcNWdTmI4BlnG/5RF+5Q=="
      },
      "Newtonsoft.Json": {
        "type": "Transitive",
        "resolved": "13.0.4",
        "contentHash": "pdgNNMai3zv51W5aq268sujXUyx7SNdE2bj1wZcWjAQrKMFZV260lbqYop1d2GM67JI1huLRwxo9ZqnfF/lC6A=="
      },
      "SharpCompress": {
        "type": "Transitive",
        "resolved": "0.30.1",
        "contentHash": "XqD4TpfyYGa7QTPzaGlMVbcecKnXy4YmYLDWrU+JIj7IuRNl7DH2END+Ll7ekWIY8o3dAMWLFDE1xdhfIWD1nw=="
      },
      "Snappier": {
        "type": "Transitive",
        "resolved": "1.0.0",
        "contentHash": "rFtK2KEI9hIe8gtx3a0YDXdHOpedIf9wYCEYtBEmtlyiWVX3XlCNV03JrmmAi/Cdfn7dxK+k0sjjcLv4fpHnqA=="
      },
      "System.Formats.Asn1": {
        "type": "Transitive",
        "resolved": "10.0.10",
        "contentHash": "Lt7KTFei7vmp/+JtTCLB3D3MNDFIfyFl9zETGtKFuoeaThNeHCyE7sJTZ10wfwHbd2z0rW72fjIpNXPkxEObaA=="
      },
      "System.Security.Cryptography.Pkcs": {
        "type": "Transitive",
        "resolved": "10.0.10",
        "contentHash": "KG8t5RHczdgB3IWvRndpI0nE1DSo7ikDYSDbITxfgRFyIvnYiKzuPjaZOsPnwFQ1aOGUl9sEulJul9wlHLEUoA==",
        "dependencies": {
          "Microsoft.Bcl.Cryptography": "10.0.10",
          "System.Formats.Asn1": "10.0.10"
        }
      },
      "System.Security.Cryptography.Xml": {
        "type": "Transitive",
        "resolved": "10.0.10",
        "contentHash": "Mz6Y+s+uMQKj1H2BUF0OhlmaOQkLgSG34/IrUaBDirYBQ6bgwcFvO/XtXWcoDlBLFoFB0uKqDNhybHOd+fQK1A==",
        "dependencies": {
          "Microsoft.Bcl.Cryptography": "10.0.10",
          "System.Security.Cryptography.Pkcs": "10.0.10"
        }
      },
      "ZstdSharp.Port": {
        "type": "Transitive",
        "resolved": "0.6.2",
        "contentHash": "jPao/LdUNLUz8rn3H1D8W7wQbZsRZM0iayvWI4xGejJg3XJHT56gcmYdgmCGPdJF1UEBqUjucCRrFB+4HbJsbw=="
      },
      "ndjango.admin.aspnetcore": {
        "type": "Project",
        "dependencies": {
          "NDjango.Admin.Core": "[1.0.0, )"
        }
      },
      "ndjango.admin.aspnetcore.admindashboard.core": {
        "type": "Project",
        "dependencies": {
          "AspNetSaml": "[2.*, )",
          "NDjango.Admin.AspNetCore": "[1.0.0, )",
          "NDjango.Admin.Core": "[1.0.0, )"
        }
      },
      "ndjango.admin.core": {
        "type": "Project",
        "dependencies": {
          "Newtonsoft.Json": "[13.*, )"
        }
      }
    },
    "net9.0": {
      "MongoDB.Driver": {
        "type": "Direct",
        "requested": "[2.19.0, 3.0.0)",
        "resolved": "2.19.0",
        "contentHash": "W/1YByn5gNGfHBe8AyDURXWKn1Z9xJ9IUjplFcvk8B/jlTlDOkmXgmwjlToIdqr0l8rX594kksjGx3a9if3dsg==",
        "dependencies": {
          "MongoDB.Bson": "2.19.0",
          "MongoDB.Driver.Core": "2.19.0",
          "MongoDB.Libmongocrypt": "1.7.0"
        }
      },
      "AspNetSaml": {
        "type": "Transitive",
        "resolved": "2.1.9",
        "contentHash": "b8888Mo/mbQjZn/f690qM/D1JeWH5SJM4itonD4CvzcJBnQswsIFCHyti35kK5oym8CccUWc5QXPsZ+1wR/wbA==",
        "dependencies": {
          "System.Security.Cryptography.Xml": "10.0.10"
        }
      },
      "AWSSDK.Core": {
        "type": "Transitive",
        "resolved": "3.7.100.14",
        "contentHash": "gnEgxBlk4PFEfdPE8Lkf4+D16MZFYSaW7/o6Wwe5e035QWUkTJX0Dn4LfTCdV5QSEL/fOFxu+yCAm55eIIBgog=="
      },
      "AWSSDK.SecurityToken": {
        "type": "Transitive",
        "resolved": "3.7.100.14",
        "contentHash": "dGCVuVo0CFUKWW85W8YENO+aREf8sCBDjvGbnNvxJuNW4Ss+brEU9ltHhq2KfZze2VUNK1/wygbPG1bmbpyXEw==",
        "dependencies": {
          "AWSSDK.Core": "[3.7.100.14, 4.0.0)"
        }
      },
      "DnsClient": {
        "type": "Transitive",
        "resolved": "1.6.1",
        "contentHash": "4H/f2uYJOZ+YObZjpY9ABrKZI+JNw3uizp6oMzTXwDw6F+2qIPhpRl/1t68O/6e98+vqNiYGu+lswmwdYUy3gg=="
      },
      "Microsoft.Bcl.Cryptography": {
        "type": "Transitive",
        "resolved": "10.0.10",
        "contentHash": "Qdx/MB+kxJoPIWZ0PpKpGSj8C02oaGXgue59HixUX/vinLsBIDYTX3RNW8mj9fBCeCmCp5+28KojlvI1N9hQPw=="
      },
      "MongoDB.Bson": {
        "type": "Transitive",
        "resolved": "2.19.0",
        "contentHash": "pGp9F2PWU3Dj54PiXKibuaQ5rphWkfp8/Nsy5jLp2dWZGRGlr3r/Lfwnr0PvfihFfxieUcJZ2z3VeO8RctXcvA=="
      },
      "MongoDB.Driver.Core": {
        "type": "Transitive",
        "resolved": "2.19.0",
        "contentHash": "KbzJJJc4EsUZ+YQoe7zZL1OxHVC9RjgQMso2LjhZWnlP+IHSON63vKNt7jGarXrOVXK0DqIUrRwQyXMgmqTX5g==",
        "dependencies": {
          "AWSSDK.SecurityToken": "3.7.100.14",
          "DnsClient": "1.6.1",
          "MongoDB.Bson": "2.19.0",
          "MongoDB.Libmongocrypt": "1.7.0",
          "SharpCompress": "0.30.1",
          "Snappier": "1.0.0",
          "ZstdSharp.Port": "0.6.2"
        }
      },
      "MongoDB.Libmongocrypt": {
        "type": "Transitive",
        "resolved": "1.7.0",
        "contentHash": "p9+peTZX63nGHskOLhvhfBtrknxNg1RzXepE07rPozuCGz27bMjCcQyvn2YByg0L3YEcNWdTmI4BlnG/5RF+5Q=="
      },
      "Newtonsoft.Json": {
        "type": "Transitive",
        "resolved": "13.0.4",
        "contentHash": "pdgNNMai3zv51W5aq268sujXUyx7SNdE2bj1wZcWjAQrKMFZV260lbqYop1d2GM67JI1huLRwxo9ZqnfF/lC6A=="
      },
      "SharpCompress": {
        "type": "Transitive",
        "resolved": "0.30.1",
        "contentHash": "XqD4TpfyYGa7QTPzaGlMVbcecKnXy4YmYLDWrU+JIj7IuRNl7DH2END+Ll7ekWIY8o3dAMWLFDE1xdhfIWD1nw=="
      },
      "Snappier": {
        "type": "Transitive",
        "resolved": "1.0.0",
        "contentHash": "rFtK2KEI9hIe8gtx3a0YDXdHOpedIf9wYCEYtBEmtlyiWVX3XlCNV03JrmmAi/Cdfn7dxK+k0sjjcLv4fpHnqA=="
      },
      "System.Formats.Asn1": {
        "type": "Transitive",
        "resolved": "10.0.10",
        "contentHash": "Lt7KTFei7vmp/+JtTCLB3D3MNDFIfyFl9zETGtKFuoeaThNeHCyE7sJTZ10wfwHbd2z0rW72fjIpNXPkxEObaA=="
      },
      "System.Security.Cryptography.Pkcs": {
        "type": "Transitive",
        "resolved": "10.0.10",
        "contentHash": "KG8t5RHczdgB3IWvRndpI0nE1DSo7ikDYSDbITxfgRFyIvnYiKzuPjaZOsPnwFQ1aOGUl9sEulJul9wlHLEUoA==",
        "dependencies": {
          "Microsoft.Bcl.Cryptography": "10.0.10",
          "System.Formats.Asn1": "10.0.10"
        }
      },
      "System.Security.Cryptography.Xml": {
        "type": "Transitive",
        "resolved": "10.0.10",
        "contentHash": "Mz6Y+s+uMQKj1H2BUF0OhlmaOQkLgSG34/IrUaBDirYBQ6bgwcFvO/XtXWcoDlBLFoFB0uKqDNhybHOd+fQK1A==",
        "dependencies": {
          "System.Security.Cryptography.Pkcs": "10.0.10"
        }
      },
      "ZstdSharp.Port": {
        "type": "Transitive",
        "resolved": "0.6.2",
        "contentHash": "jPao/LdUNLUz8rn3H1D8W7wQbZsRZM0iayvWI4xGejJg3XJHT56gcmYdgmCGPdJF1UEBqUjucCRrFB+4HbJsbw=="
      },
      "ndjango.admin.aspnetcore": {
        "type": "Project",
        "dependencies": {
          "NDjango.Admin.Core": "[1.0.0, )"
        }
      },
      "ndjango.admin.aspnetcore.admindashboard.core": {
        "type": "Project",
        "dependencies": {
          "AspNetSaml": "[2.*, )",
          "NDjango.Admin.AspNetCore": "[1.0.0, )",
          "NDjango.Admin.Core": "[1.0.0, )"
        }
      },
      "ndjango.admin.core": {
        "type": "Project",
        "dependencies": {
          "Newtonsoft.Json": "[13.*, )"
        }
      }
    }
  }
}